
Microsoft Visual Studio Solution File, Format Version 12.00
# Visual Studio 15
VisualStudioVersion = 15.0.27428.2011
MinimumVisualStudioVersion = 10.0.40219.1
Project("{FAE04EC0-301F-11D3-BF4B-00C04F79EFBC}") = "Adventure_Game", "Adventure_Game\Adventure_Game.csproj", "{27E3DD4B-16DD-49E8-AF55-9A4FDAA73A9F}"
EndProject
Global
	GlobalSection(SolutionConfigurationPlatforms) = preSolution
		Debug|Any CPU = Debug|Any CPU
		Release|Any CPU = Release|Any CPU
	EndGlobalSection
	GlobalSection(ProjectConfigurationPlatforms) = postSolution
		{27E3DD4B-16DD-49E8-AF55-9A4FDAA73A9F}.Debug|Any CPU.ActiveCfg = Debug|Any CPU
		{27E3DD4B-16DD-49E8-AF55-9A4FDAA73A9F}.Debug|Any CPU.Build.0 = Debug|Any CPU
		{27E3DD4B-16DD-49E8-AF55-9A4FDAA73A9F}.Release|Any CPU.ActiveCfg = Release|Any CPU
		{27E3DD4B-16DD-49E8-AF55-9A4FDAA73A9F}.Release|Any CPU.Build.0 = Release|Any CPU
	EndGlobalSection
	GlobalSection(SolutionProperties) = preSolution
		HideSolutionNode = FALSE
	EndGlobalSection
	GlobalSection(ExtensibilityGlobals) = postSolution
		SolutionGuid = {B7A51054-3EFE-4924-87ED-C8845A58B635}
	EndGlobalSection
EndGlobal
